
Microsoft Visual Studio Solution File, Format Version 12.00
# Visual Studio Version 16
VisualStudioVersion = 16.0.30320.27
MinimumVisualStudioVersion = 10.0.40219.1
Project("{FAE04EC0-301F-11D3-BF4B-00C04F79EFBC}") = "ChallengeOne", "ChallengeOne\ChallengeOne.csproj", "{35203E84-7659-435B-9E59-27251B1CFC72}"
EndProject
Global
	GlobalSection(SolutionConfigurationPlatforms) = preSolution
		Debug|Any CPU = Debug|Any CPU
		Release|Any CPU = Release|Any CPU
	EndGlobalSection
	GlobalSection(ProjectConfigurationPlatforms) = postSolution
		{35203E84-7659-435B-9E59-27251B1CFC72}.Debug|Any CPU.ActiveCfg = Debug|Any CPU
		{35203E84-7659-435B-9E59-27251B1CFC72}.Debug|Any CPU.Build.0 = Debug|Any CPU
		{35203E84-7659-435B-9E59-27251B1CFC72}.Release|Any CPU.ActiveCfg = Release|Any CPU
		{35203E84-7659-435B-9E59-27251B1CFC72}.Release|Any CPU.Build.0 = Release|Any CPU
	EndGlobalSection
	GlobalSection(SolutionProperties) = preSolution
		HideSolutionNode = FALSE
	EndGlobalSection
	GlobalSection(ExtensibilityGlobals) = postSolution
		SolutionGuid = {34044BB6-C1D1-4A25-B263-15A83EB39A11}
	EndGlobalSection
EndGlobal
